<?xml version="1.0" encoding="utf-8"?>
<Project ToolsVersion="4.0" xmlns="http://schemas.microsoft.com/developer/msbuild/2003">
  <ItemGroup>
    <Filter Include="소스 파일">
      <UniqueIdentifier>{4FC737F1-C7A5-4376-A066-2A32D752A2FF}</UniqueIdentifier>
      <Extensions>cpp;c;cc;cxx;def;odl;idl;hpj;bat;asm;asmx</Extensions>
    </Filter>
    <Filter Include="헤더 파일">
      <UniqueIdentifier>{93995380-89BD-4b04-88EB-625FBE52EBFB}</UniqueIdentifier>
      <Extensions>h;hh;hpp;hxx;hm;inl;inc;xsd</Extensions>
    </Filter>
    <Filter Include="리소스 파일">
      <UniqueIdentifier>{67DA6AB6-F800-4c08-8B7A-83BB121AAD01}</UniqueIdentifier>
      <Extensions>rc;ico;cur;bmp;dlg;rc2;rct;bin;rgs;gif;jpg;jpeg;jpe;resx;tiff;tif;png;wav;mfcribbon-ms</Extensions>
    </Filter>
    <Filter Include="소스 파일\0701">
      <UniqueIdentifier>{6c741132-2403-4991-b6d8-9e9a9016633a}</UniqueIdentifier>
    </Filter>
    <Filter Include="소스 파일\0703">
      <UniqueIdentifier>{0d1bc422-5309-4abf-85ec-ce7d6e31876a}</UniqueIdentifier>
    </Filter>
    <Filter Include="소스 파일\0715">
      <UniqueIdentifier>{52148da3-fca9-47e5-b0c8-18172ecb7ff0}</UniqueIdentifier>
    </Filter>
    <Filter Include="소스 파일\0717">
      <UniqueIdentifier>{299e940a-dba4-4527-a42e-b73ef966fc85}</UniqueIdentifier>
    </Filter>
    <Filter Include="소스 파일\0708">
      <UniqueIdentifier>{b0871997-a530-48f6-8368-025dfd936563}</UniqueIdentifier>
    </Filter>
    <Filter Include="소스 파일\Graph">
      <UniqueIdentifier>{83aaa7da-227e-43f7-beeb-74a903b74ef6}</UniqueIdentifier>
    </Filter>
  </ItemGroup>
  <ItemGroup>
    <Text Include="ReadMe.txt" />
  </ItemGroup>
  <ItemGroup>
    <ClInclude Include="stdafx.h">
      <Filter>헤더 파일</Filter>
    </ClInclude>
    <ClInclude Include="targetver.h">
      <Filter>헤더 파일</Filter>
    </ClInclude>
    <ClInclude Include="Graph.h">
      <Filter>소스 파일\0701</Filter>
    </ClInclude>
    <ClInclude Include="Fibonacci.h">
      <Filter>소스 파일\0703</Filter>
    </ClInclude>
    <ClInclude Include="RodCutting.h">
      <Filter>소스 파일\0703</Filter>
    </ClInclude>
    <ClInclude Include="MatrixChain.h">
      <Filter>소스 파일\0715</Filter>
    </ClInclude>
    <ClInclude Include="LongestCommonSubsequence.h">
      <Filter>소스 파일\0717</Filter>
    </ClInclude>
    <ClInclude Include="Knapsack.h">
      <Filter>소스 파일\0717</Filter>
    </ClInclude>
    <ClInclude Include="FindBestWayWithCycle.h">
      <Filter>소스 파일\0708</Filter>
    </ClInclude>
  </ItemGroup>
  <ItemGroup>
    <ClCompile Include="stdafx.cpp">
      <Filter>소스 파일</Filter>
    </ClCompile>
    <ClCompile Include="Test.cpp">
      <Filter>소스 파일</Filter>
    </ClCompile>
    <ClCompile Include="Node.cpp">
      <Filter>소스 파일</Filter>
    </ClCompile>
    <ClCompile Include="Graph.cpp">
      <Filter>소스 파일\0701</Filter>
    </ClCompile>
    <ClCompile Include="Fibonacci.cpp">
      <Filter>소스 파일\0703</Filter>
    </ClCompile>
    <ClCompile Include="RodCutting.cpp">
      <Filter>소스 파일\0703</Filter>
    </ClCompile>
    <ClCompile Include="MatrixChain.cpp">
      <Filter>소스 파일\0715</Filter>
    </ClCompile>
    <ClCompile Include="LongestCommonSubsequence.cpp">
      <Filter>소스 파일\0717</Filter>
    </ClCompile>
    <ClCompile Include="Knapsack.cpp">
      <Filter>소스 파일\0717</Filter>
    </ClCompile>
    <ClCompile Include="FindBestWayWithCycle.cpp">
      <Filter>소스 파일\0708</Filter>
    </ClCompile>
  </ItemGroup>
</Project>